
Microsoft Visual Studio Solution File, Format Version 12.00
# Visual Studio 2013
VisualStudioVersion = 12.0.31101.0
MinimumVisualStudioVersion = 10.0.40219.1
Project("{FAE04EC0-301F-11D3-BF4B-00C04F79EFBC}") = "Armyknife", "Armyknife\Armyknife.csproj", "{8F2CCE1E-71F6-4E80-B06C-BF2B2B0AF365}"
EndProject
Project("{FAE04EC0-301F-11D3-BF4B-00C04F79EFBC}") = "Armyknife.Parser", "Armyknife.Parser\Armyknife.Parser.csproj", "{8B550603-FE30-4E8D-81D2-DF0AA374F66C}"
EndProject
Project("{FAE04EC0-301F-11D3-BF4B-00C04F79EFBC}") = "Armyknife.Exceptions", "Armyknife.Exceptions\Armyknife.Exceptions.csproj", "{449413AF-41B8-4B08-9C7F-86B0E142BCD2}"
EndProject
Global
	GlobalSection(SolutionConfigurationPlatforms) = preSolution
		Debug|Any CPU = Debug|Any CPU
		Release|Any CPU = Release|Any CPU
	EndGlobalSection
	GlobalSection(ProjectConfigurationPlatforms) = postSolution
		{8F2CCE1E-71F6-4E80-B06C-BF2B2B0AF365}.Debug|Any CPU.ActiveCfg = Debug|Any CPU
		{8F2CCE1E-71F6-4E80-B06C-BF2B2B0AF365}.Debug|Any CPU.Build.0 = Debug|Any CPU
		{8F2CCE1E-71F6-4E80-B06C-BF2B2B0AF365}.Release|Any CPU.ActiveCfg = Release|Any CPU
		{8F2CCE1E-71F6-4E80-B06C-BF2B2B0AF365}.Release|Any CPU.Build.0 = Release|Any CPU
		{8B550603-FE30-4E8D-81D2-DF0AA374F66C}.Debug|Any CPU.ActiveCfg = Debug|Any CPU
		{8B550603-FE30-4E8D-81D2-DF0AA374F66C}.Debug|Any CPU.Build.0 = Debug|Any CPU
		{8B550603-FE30-4E8D-81D2-DF0AA374F66C}.Release|Any CPU.ActiveCfg = Release|Any CPU
		{8B550603-FE30-4E8D-81D2-DF0AA374F66C}.Release|Any CPU.Build.0 = Release|Any CPU
		{449413AF-41B8-4B08-9C7F-86B0E142BCD2}.Debug|Any CPU.ActiveCfg = Debug|Any CPU
		{449413AF-41B8-4B08-9C7F-86B0E142BCD2}.Debug|Any CPU.Build.0 = Debug|Any CPU
		{449413AF-41B8-4B08-9C7F-86B0E142BCD2}.Release|Any CPU.ActiveCfg = Release|Any CPU
		{449413AF-41B8-4B08-9C7F-86B0E142BCD2}.Release|Any CPU.Build.0 = Release|Any CPU
	EndGlobalSection
	GlobalSection(SolutionProperties) = preSolution
		HideSolutionNode = FALSE
	EndGlobalSection
EndGlobal
