
Microsoft Visual Studio Solution File, Format Version 12.00
# Visual Studio 2013
VisualStudioVersion = 12.0.31101.0
MinimumVisualStudioVersion = 10.0.40219.1
Project("{FAE04EC0-301F-11D3-BF4B-00C04F79EFBC}") = "Book", "Book\Book.csproj", "{0A401BAA-A541-4E11-A7F3-E7349A0EF599}"
EndProject
Project("{FAE04EC0-301F-11D3-BF4B-00C04F79EFBC}") = "Book.Data", "Book.Data\Book.Data.csproj", "{EB400855-8100-4D15-B3F4-585F043575B3}"
EndProject
Project("{FAE04EC0-301F-11D3-BF4B-00C04F79EFBC}") = "Book.Data.Storage", "Book.Data.Storage\Book.Data.Storage.csproj", "{EF7915CE-13ED-4926-9850-76BE3F99D3E0}"
EndProject
Global
	GlobalSection(SolutionConfigurationPlatforms) = preSolution
		Debug|Any CPU = Debug|Any CPU
		Release|Any CPU = Release|Any CPU
	EndGlobalSection
	GlobalSection(ProjectConfigurationPlatforms) = postSolution
		{0A401BAA-A541-4E11-A7F3-E7349A0EF599}.Debug|Any CPU.ActiveCfg = Debug|Any CPU
		{0A401BAA-A541-4E11-A7F3-E7349A0EF599}.Debug|Any CPU.Build.0 = Debug|Any CPU
		{0A401BAA-A541-4E11-A7F3-E7349A0EF599}.Release|Any CPU.ActiveCfg = Release|Any CPU
		{0A401BAA-A541-4E11-A7F3-E7349A0EF599}.Release|Any CPU.Build.0 = Release|Any CPU
		{EB400855-8100-4D15-B3F4-585F043575B3}.Debug|Any CPU.ActiveCfg = Debug|Any CPU
		{EB400855-8100-4D15-B3F4-585F043575B3}.Debug|Any CPU.Build.0 = Debug|Any CPU
		{EB400855-8100-4D15-B3F4-585F043575B3}.Release|Any CPU.ActiveCfg = Release|Any CPU
		{EB400855-8100-4D15-B3F4-585F043575B3}.Release|Any CPU.Build.0 = Release|Any CPU
		{EF7915CE-13ED-4926-9850-76BE3F99D3E0}.Debug|Any CPU.ActiveCfg = Debug|Any CPU
		{EF7915CE-13ED-4926-9850-76BE3F99D3E0}.Debug|Any CPU.Build.0 = Debug|Any CPU
		{EF7915CE-13ED-4926-9850-76BE3F99D3E0}.Release|Any CPU.ActiveCfg = Release|Any CPU
		{EF7915CE-13ED-4926-9850-76BE3F99D3E0}.Release|Any CPU.Build.0 = Release|Any CPU
	EndGlobalSection
	GlobalSection(SolutionProperties) = preSolution
		HideSolutionNode = FALSE
	EndGlobalSection
EndGlobal
